# THIS IS AN AUTOGENERATED FILE. DO NOT EDIT THIS FILE DIRECTLY.
# yarn lockfile v1


"@aksel/structjs@^1.0.0":
  version "1.0.0"
  resolved "https://registry.yarnpkg.com/@aksel/structjs/-/structjs-1.0.0.tgz#6375ca5bbdf7b0ef0a6de10181d8466846ace4dc"
  integrity sha512-7BuOlCj7bS09Gr/uJFrKJVWaZqTSOoK2eUuqUebAZq5cALZP6eNz5K5cbprYNX6KBFGMnR+CeSmZk/DjVo3ecg==
  dependencies:
    npm-name "^5.0.1"

"@cspotcode/source-map-support@^0.8.0":
  version "0.8.1"
  resolved "https://registry.yarnpkg.com/@cspotcode/source-map-support/-/source-map-support-0.8.1.tgz#00629c35a688e05a88b1cda684fb9d5e73f000a1"
  integrity sha512-IchNf6dN4tHoMFIn/7OE8LWZ19Y6q/67Bmf6vnGREv8RSbBVb9LPJxEcnwrcwX6ixSvaiGoomAUvu4YSxXrVgw==
  dependencies:
    "@jridgewell/trace-mapping" "0.3.9"

"@jridgewell/resolve-uri@^3.0.3":
  version "3.1.0"
  resolved "https://registry.yarnpkg.com/@jridgewell/resolve-uri/-/resolve-uri-3.1.0.tgz#2203b118c157721addfe69d47b70465463066d78"
  integrity sha512-F2msla3tad+Mfht5cJq7LSXcdudKTWCVYUgw6pLFOOHSTtZlj6SWNYAp+AhuqLmWdBO2X5hPrLcu8cVP8fy28w==

"@jridgewell/sourcemap-codec@^1.4.10":
  version "1.4.14"
  resolved "https://registry.yarnpkg.com/@jridgewell/sourcemap-codec/-/sourcemap-codec-1.4.14.tgz#add4c98d341472a289190b424efbdb096991bb24"
  integrity sha512-XPSJHWmi394fuUuzDnGz1wiKqWfo1yXecHQMRf2l6hztTO+nPru658AyDngaBe7isIxEkRsPR3FZh+s7iVa4Uw==

"@jridgewell/trace-mapping@0.3.9":
  version "0.3.9"
  resolved "https://registry.yarnpkg.com/@jridgewell/trace-mapping/-/trace-mapping-0.3.9.tgz#6534fd5933a53ba7cbf3a17615e273a0d1273ff9"
  integrity sha512-3Belt6tdc8bPgAtbcmdtNJlirVoTmEb5e2gC94PnkwEW9jI6CAHUeoG85tjWP5WquqfavoMtMwiG4P926ZKKuQ==
  dependencies:
    "@jridgewell/resolve-uri" "^3.0.3"
    "@jridgewell/sourcemap-codec" "^1.4.10"

"@sindresorhus/is@^0.14.0":
  version "0.14.0"
  resolved "https://registry.yarnpkg.com/@sindresorhus/is/-/is-0.14.0.tgz#9fb3a3cf3132328151f353de4632e01e52102bea"
  integrity sha512-9NET910DNaIPngYnLLPeg+Ogzqsi9uM4mSboU5y6p8S5DzMTVEsJZrawi+BoDNUVBa2DhJqQYUFvMDfgU062LQ==

"@swc/core-android-arm-eabi@1.3.9":
  version "1.3.9"
  resolved "https://registry.yarnpkg.com/@swc/core-android-arm-eabi/-/core-android-arm-eabi-1.3.9.tgz#6ab77525f2d22fcd321d0e29704d0820608b9e18"
  integrity sha512-+F+sU2l49Po4tJoNtIpFwt0k1sspymvPMM+DCpnkHF1idzRiOU5NGgVzmLDjoO9AnxHa7EBJ3itN+PP2Dd06+A==
  dependencies:
    "@swc/wasm" "1.2.122"

"@swc/core-android-arm64@1.3.9":
  version "1.3.9"
  resolved "https://registry.yarnpkg.com/@swc/core-android-arm64/-/core-android-arm64-1.3.9.tgz#d9467488dd9c00d50180f9ccded9eed6f54e4423"
  integrity sha512-HSWdex3yd4CRefkM2WVz0nTKjpirNZnwSlghqe4ct9QAYGMiiPesYgWPAnq/PpnYfmjQse4yvEclamGiek6zDA==
  dependencies:
    "@swc/wasm" "1.2.130"

"@swc/core-darwin-arm64@1.3.9":
  version "1.3.9"
  resolved "https://registry.yarnpkg.com/@swc/core-darwin-arm64/-/core-darwin-arm64-1.3.9.tgz#60ad2157bfa67038cf94fa0f9169f5d2609f6011"
  integrity sha512-E7WJY1LsMJtOtUYc/JXl8qlt6USnzodWmdO1eAAOSAODEdX9AjgG3fRT94o3UcmvMrto7sxBXVExj8wG7Cxeng==

"@swc/core-darwin-x64@1.3.9":
  version "1.3.9"
  resolved "https://registry.yarnpkg.com/@swc/core-darwin-x64/-/core-darwin-x64-1.3.9.tgz#947095894b526c90724f273b968e124019a3c267"
  integrity sha512-0+dFCAcLEBxwIO+0Nt+OT8mjPpvBMBWIuFWB1DNiUu2K73+OB0i+llzsCJFoasISHR+YJD0bGyv+8AtVuUdFAw==

"@swc/core-freebsd-x64@1.3.9":
  version "1.3.9"
  resolved "https://registry.yarnpkg.com/@swc/core-freebsd-x64/-/core-freebsd-x64-1.3.9.tgz#ebcb068df6528f824c803329d43d752889eef46f"
  integrity sha512-JbHIeklQPRBEZUfKAKt/IB/ayi7dJZ9tEGu/fDxNfk8Znu1Md+YOKRyN5FPMXfYrL5yFUXnlFOb2LX6wjNhhjQ==
  dependencies:
    "@swc/wasm" "1.2.130"

"@swc/core-linux-arm-gnueabihf@1.3.9":
  version "1.3.9"
  resolved "https://registry.yarnpkg.com/@swc/core-linux-arm-gnueabihf/-/core-linux-arm-gnueabihf-1.3.9.tgz#0882d86a301f5eece588ec41fe7f1d0c9629f2c7"
  integrity sha512-Yc1G8FGXmq6yGKtu5wYCcvVWBtqU0/3FUk6zJM+7pFiivKsVHJcgWrkgLO1u6h7bgEdQIYwfM3/BbRNE5CtdnA==
  dependencies:
    "@swc/wasm" "1.2.130"

"@swc/core-linux-arm64-gnu@1.3.9":
  version "1.3.9"
  resolved "https://registry.yarnpkg.com/@swc/core-linux-arm64-gnu/-/core-linux-arm64-gnu-1.3.9.tgz#6bcf96a3826b069cb053f4b9b9f9148388d0f067"
  integrity sha512-PrBjmPIMhoQLCpfaZl2b1cCXnaNPddQB/ssMVqQ6eXChBJfcv14M5BjxtI2ORi4HoEDlsbX+k50sL666M3lnBw==

"@swc/core-linux-arm64-musl@1.3.9":
  version "1.3.9"
  resolved "https://registry.yarnpkg.com/@swc/core-linux-arm64-musl/-/core-linux-arm64-musl-1.3.9.tgz#cac78de3fcdd22417532d95ddc7c229ccfef9920"
  integrity sha512-jJT56vt81o2N3O2nXp+MZGM6mbgkNx6lvvRT6yISW29fLM6NHBXmkGcjaWOD9VFJDRmu/MtFxbElPxr6ikrFYQ==

"@swc/core-linux-x64-gnu@1.3.9":
  version "1.3.9"
  resolved "https://registry.yarnpkg.com/@swc/core-linux-x64-gnu/-/core-linux-x64-gnu-1.3.9.tgz#e457e5f50ecc344278f69e90aafdcef4a152bae8"
  integrity sha512-60ZreTvrJk3N7xvPzQeQJDePsXUmSUZkKD6lc0xzug4bv53NyUIQ8gH8nzVsV++D9NZeVxXp6WqqFLcgt7yEDQ==

"@swc/core-linux-x64-musl@1.3.9":
  version "1.3.9"
  resolved "https://registry.yarnpkg.com/@swc/core-linux-x64-musl/-/core-linux-x64-musl-1.3.9.tgz#0009205aeb5a42009794d75949f79d622563dac3"
  integrity sha512-UBApPfUSP+w6ye6V1oT4EGh3LFCFrZaQsC1CkTuiYXXSmQMzkYE0Jzegn3R7MHWCJSneRwXRTKrkdhrNBUqWKA==

"@swc/core-win32-arm64-msvc@1.3.9":
  version "1.3.9"
  resolved "https://registry.yarnpkg.com/@swc/core-win32-arm64-msvc/-/core-win32-arm64-msvc-1.3.9.tgz#2f4522c3da4d37dd08c1249a837c4a6643571c0a"
  integrity sha512-4FQSalXbbnqTLVGRljRnw/bJ99Jwj1WnXz/aJM/SVL8S9Zbc82+3v+wXL/9NGwaAndu2QUkb2KPYNAHvB7PCdw==
  dependencies:
    "@swc/wasm" "1.2.130"

"@swc/core-win32-ia32-msvc@1.3.9":
  version "1.3.9"
  resolved "https://registry.yarnpkg.com/@swc/core-win32-ia32-msvc/-/core-win32-ia32-msvc-1.3.9.tgz#e5dd2830a103b8fcb89e843cc6cd0587dbd9140a"
  integrity sha512-ZkTw1Cm+b2QBf/NjkJJbocvgT0NWdfPQL0OyMkuTAinRzfrMmq/lmshjnqj3ysFVeI4uuJTNemiT6mivpLmuBw==
  dependencies:
    "@swc/wasm" "1.2.130"

"@swc/core-win32-x64-msvc@1.3.9":
  version "1.3.9"
  resolved "https://registry.yarnpkg.com/@swc/core-win32-x64-msvc/-/core-win32-x64-msvc-1.3.9.tgz#49462ebcaed4caa5a3f99dcd2a48035b870750ae"
  integrity sha512-moKi2prCKzYnXXlrLf5nwAN4uGSm4YpsW2xzYiZWJJDRqu74VoUWoDkG25jalHTfN/PSBQg4dkFWhhUe89JJVw==

"@swc/core@^1.3.9":
  version "1.3.9"
  resolved "https://registry.yarnpkg.com/@swc/core/-/core-1.3.9.tgz#9dcc342cbcbe72ba6613a23840a2092c13699881"
  integrity sha512-PCRCO9vIoEX3FyS3z/FkWVYJzuspUq0LLaWdK3L30+KQDtH29K+LQdRc2Dzin2MU5MpY4bSHydAwl9M6cmZ9OA==
  optionalDependencies:
    "@swc/core-android-arm-eabi" "1.3.9"
    "@swc/core-android-arm64" "1.3.9"
    "@swc/core-darwin-arm64" "1.3.9"
    "@swc/core-darwin-x64" "1.3.9"
    "@swc/core-freebsd-x64" "1.3.9"
    "@swc/core-linux-arm-gnueabihf" "1.3.9"
    "@swc/core-linux-arm64-gnu" "1.3.9"
    "@swc/core-linux-arm64-musl" "1.3.9"
    "@swc/core-linux-x64-gnu" "1.3.9"
    "@swc/core-linux-x64-musl" "1.3.9"
    "@swc/core-win32-arm64-msvc" "1.3.9"
    "@swc/core-win32-ia32-msvc" "1.3.9"
    "@swc/core-win32-x64-msvc" "1.3.9"

"@swc/wasm@1.2.122":
  version "1.2.122"
  resolved "https://registry.yarnpkg.com/@swc/wasm/-/wasm-1.2.122.tgz#87a5e654b26a71b2e84b801f41e45f823b856639"
  integrity sha512-sM1VCWQxmNhFtdxME+8UXNyPNhxNu7zdb6ikWpz0YKAQQFRGT5ThZgJrubEpah335SUToNg8pkdDF7ibVCjxbQ==

"@swc/wasm@1.2.130":
  version "1.2.130"
  resolved "https://registry.yarnpkg.com/@swc/wasm/-/wasm-1.2.130.tgz#88ac26433335d1f957162a9a92f1450b73c176a0"
  integrity sha512-rNcJsBxS70+pv8YUWwf5fRlWX6JoY/HJc25HD/F8m6Kv7XhJdqPPMhyX6TKkUBPAG7TWlZYoxa+rHAjPy4Cj3Q==

"@szmarczak/http-timer@^1.1.2":
  version "1.1.2"
  resolved "https://registry.yarnpkg.com/@szmarczak/http-timer/-/http-timer-1.1.2.tgz#b1665e2c461a2cd92f4c1bbf50d5454de0d4b421"
  integrity sha512-XIB2XbzHTN6ieIjfIMV9hlVcfPU26s2vafYWQcZHWXHOxiaRZYEDKEwdl129Zyg50+foYV2jCgtrqSA6qNuNSA==
  dependencies:
    defer-to-connect "^1.0.1"

"@tsconfig/node10@^1.0.7":
  version "1.0.9"
  resolved "https://registry.yarnpkg.com/@tsconfig/node10/-/node10-1.0.9.tgz#df4907fc07a886922637b15e02d4cebc4c0021b2"
  integrity sha512-jNsYVVxU8v5g43Erja32laIDHXeoNvFEpX33OK4d6hljo3jDhCBDhx5dhCCTMWUojscpAagGiRkBKxpdl9fxqA==

"@tsconfig/node12@^1.0.7":
  version "1.0.11"
  resolved "https://registry.yarnpkg.com/@tsconfig/node12/-/node12-1.0.11.tgz#ee3def1f27d9ed66dac6e46a295cffb0152e058d"
  integrity sha512-cqefuRsh12pWyGsIoBKJA9luFu3mRxCA+ORZvA4ktLSzIuCUtWVxGIuXigEwO5/ywWFMZ2QEGKWvkZG1zDMTag==

"@tsconfig/node14@^1.0.0":
  version "1.0.3"
  resolved "https://registry.yarnpkg.com/@tsconfig/node14/-/node14-1.0.3.tgz#e4386316284f00b98435bf40f72f75a09dabf6c1"
  integrity sha512-ysT8mhdixWK6Hw3i1V2AeRqZ5WfXg1G43mqoYlM2nc6388Fq5jcXyr5mRsqViLx/GJYdoL0bfXD8nmF+Zn/Iow==

"@tsconfig/node16@^1.0.2":
  version "1.0.3"
  resolved "https://registry.yarnpkg.com/@tsconfig/node16/-/node16-1.0.3.tgz#472eaab5f15c1ffdd7f8628bd4c4f753995ec79e"
  integrity sha512-yOlFc+7UtL/89t2ZhjPvvB/DeAr3r+Dq58IgzsFkOAvVC6NMJXmCGjbptdXdR9qsX7pKcTL+s87FtYREi2dEEQ==

"@types/node@^18.11.0":
  version "18.11.0"
  resolved "https://registry.yarnpkg.com/@types/node/-/node-18.11.0.tgz#f38c7139247a1d619f6cc6f27b072606af7c289d"
  integrity sha512-IOXCvVRToe7e0ny7HpT/X9Rb2RYtElG1a+VshjwT00HxrM2dWBApHQoqsI6WiY7Q03vdf2bCrIGzVrkF/5t10w==

acorn-walk@^8.1.1:
  version "8.2.0"
  resolved "https://registry.yarnpkg.com/acorn-walk/-/acorn-walk-8.2.0.tgz#741210f2e2426454508853a2f44d0ab83b7f69c1"
  integrity sha512-k+iyHEuPgSw6SbuDpGQM+06HQUa04DZ3o+F6CSzXMvvI5KMvnaEqXe+YVe555R9nn6GPt404fos4wcgpw12SDA==

acorn@^8.4.1:
  version "8.8.0"
  resolved "https://registry.yarnpkg.com/acorn/-/acorn-8.8.0.tgz#88c0187620435c7f6015803f5539dae05a9dbea8"
  integrity sha512-QOxyigPVrpZ2GXT+PFyZTl6TtOFc5egxHIP9IlQ+RbupQuX4RkT/Bee4/kQuC02Xkzg84JcT7oLYtDIQxp+v7w==

arg@^4.1.0:
  version "4.1.3"
  resolved "https://registry.yarnpkg.com/arg/-/arg-4.1.3.tgz#269fc7ad5b8e42cb63c896d5666017261c144089"
  integrity sha512-58S9QDqG0Xx27YwPSt9fJxivjYl432YCwfDMfZ+71RAqUrZef7LrKQZ3LHLOwCS4FLNBplP533Zx895SeOCHvA==

builtins@^1.0.3:
  version "1.0.3"
  resolved "https://registry.yarnpkg.com/builtins/-/builtins-1.0.3.tgz#cb94faeb61c8696451db36534e1422f94f0aee88"
  integrity sha512-uYBjakWipfaO/bXI7E8rq6kpwHRZK5cNYrUv2OzZSI/FvmdMyXJ2tG9dKcjEC5YHmHpUAwsargWIZNWdxb/bnQ==

cacheable-request@^6.0.0:
  version "6.1.0"
  resolved "https://registry.yarnpkg.com/cacheable-request/-/cacheable-request-6.1.0.tgz#20ffb8bd162ba4be11e9567d823db651052ca912"
  integrity sha512-Oj3cAGPCqOZX7Rz64Uny2GYAZNliQSqfbePrgAQ1wKAihYmCUnraBtJtKcGR4xz7wF+LoJC+ssFZvv5BgF9Igg==
  dependencies:
    clone-response "^1.0.2"
    get-stream "^5.1.0"
    http-cache-semantics "^4.0.0"
    keyv "^3.0.0"
    lowercase-keys "^2.0.0"
    normalize-url "^4.1.0"
    responselike "^1.0.2"

clone-response@^1.0.2:
  version "1.0.3"
  resolved "https://registry.yarnpkg.com/clone-response/-/clone-response-1.0.3.tgz#af2032aa47816399cf5f0a1d0db902f517abb8c3"
  integrity sha512-ROoL94jJH2dUVML2Y/5PEDNaSHgeOdSDicUyS7izcF63G6sTc/FTjLub4b8Il9S8S0beOfYt0TaA5qvFK+w0wA==
  dependencies:
    mimic-response "^1.0.0"

create-require@^1.1.0:
  version "1.1.1"
  resolved "https://registry.yarnpkg.com/create-require/-/create-require-1.1.1.tgz#c1d7e8f1e5f6cfc9ff65f9cd352d37348756c333"
  integrity sha512-dcKFX3jn0MpIaXjisoRvexIJVEKzaq7z2rZKxf+MSr9TkdmHmsU4m2lcLojrj/FHl8mk5VxMmYA+ftRkP/3oKQ==

decompress-response@^3.3.0:
  version "3.3.0"
  resolved "https://registry.yarnpkg.com/decompress-response/-/decompress-response-3.3.0.tgz#80a4dd323748384bfa248083622aedec982adff3"
  integrity sha512-BzRPQuY1ip+qDonAOz42gRm/pg9F768C+npV/4JOsxRC2sq+Rlk+Q4ZCAsOhnIaMrgarILY+RMUIvMmmX1qAEA==
  dependencies:
    mimic-response "^1.0.0"

deep-extend@^0.6.0:
  version "0.6.0"
  resolved "https://registry.yarnpkg.com/deep-extend/-/deep-extend-0.6.0.tgz#c4fa7c95404a17a9c3e8ca7e1537312b736330ac"
  integrity sha512-LOHxIOaPYdHlJRtCQfDIVZtfw/ufM8+rVj649RIHzcm/vGwQRXFt6OPqIFWsm2XEMrNIEtWR64sY1LEKD2vAOA==

defer-to-connect@^1.0.1:
  version "1.1.3"
  resolved "https://registry.yarnpkg.com/defer-to-connect/-/defer-to-connect-1.1.3.tgz#331ae050c08dcf789f8c83a7b81f0ed94f4ac591"
  integrity sha512-0ISdNousHvZT2EiFlZeZAHBUvSxmKswVCEf8hW7KWgG4a8MVEu/3Vb6uWYozkjylyCxe0JBIiRB1jV45S70WVQ==

diff@^4.0.1:
  version "4.0.2"
  resolved "https://registry.yarnpkg.com/diff/-/diff-4.0.2.tgz#60f3aecb89d5fae520c11aa19efc2bb982aade7d"
  integrity sha512-58lmxKSA4BNyLz+HHMUzlOEpg09FV+ev6ZMe3vJihgdxzgcwZ8VoEEPmALCZG9LmqfVoNMMKpttIYTVG6uDY7A==

duplexer3@^0.1.4:
  version "0.1.5"
  resolved "https://registry.yarnpkg.com/duplexer3/-/duplexer3-0.1.5.tgz#0b5e4d7bad5de8901ea4440624c8e1d20099217e"
  integrity sha512-1A8za6ws41LQgv9HrE/66jyC5yuSjQ3L/KOpFtoBilsAK2iA2wuS5rTt1OCzIvtS2V7nVmedsUU+DGRcjBmOYA==

end-of-stream@^1.1.0:
  version "1.4.4"
  resolved "https://registry.yarnpkg.com/end-of-stream/-/end-of-stream-1.4.4.tgz#5ae64a5f45057baf3626ec14da0ca5e4b2431eb0"
  integrity sha512-+uw1inIHVPQoaVuHzRyXd21icM+cnt4CzD5rW+NC1wjOUSTOs+Te7FOv7AhN7vS9x/oIyhLP5PR1H+phQAHu5Q==
  dependencies:
    once "^1.4.0"

get-stream@^4.1.0:
  version "4.1.0"
  resolved "https://registry.yarnpkg.com/get-stream/-/get-stream-4.1.0.tgz#c1b255575f3dc21d59bfc79cd3d2b46b1c3a54b5"
  integrity sha512-GMat4EJ5161kIy2HevLlr4luNjBgvmj413KaQA7jt4V8B4RDsfpHk7WQ9GVqfYyyx8OS/L66Kox+rJRNklLK7w==
  dependencies:
    pump "^3.0.0"

get-stream@^5.1.0:
  version "5.2.0"
  resolved "https://registry.yarnpkg.com/get-stream/-/get-stream-5.2.0.tgz#4966a1795ee5ace65e706c4b7beb71257d6e22d3"
  integrity sha512-nBF+F1rAZVCu/p7rjzgA+Yb4lfYXrpl7a6VmJrU8wF9I1CKvP/QwPNZHnOlwbTkY6dvtFIzFMSyQXbLoTQPRpA==
  dependencies:
    pump "^3.0.0"

got@^9.6.0:
  version "9.6.0"
  resolved "https://registry.yarnpkg.com/got/-/got-9.6.0.tgz#edf45e7d67f99545705de1f7bbeeeb121765ed85"
  integrity sha512-R7eWptXuGYxwijs0eV+v3o6+XH1IqVK8dJOEecQfTmkncw9AV4dcw/Dhxi8MdlqPthxxpZyizMzyg8RTmEsG+Q==
  dependencies:
    "@sindresorhus/is" "^0.14.0"
    "@szmarczak/http-timer" "^1.1.2"
    cacheable-request "^6.0.0"
    decompress-response "^3.3.0"
    duplexer3 "^0.1.4"
    get-stream "^4.1.0"
    lowercase-keys "^1.0.1"
    mimic-response "^1.0.1"
    p-cancelable "^1.0.0"
    to-readable-stream "^1.0.0"
    url-parse-lax "^3.0.0"

http-cache-semantics@^4.0.0:
  version "4.1.0"
  resolved "https://registry.yarnpkg.com/http-cache-semantics/-/http-cache-semantics-4.1.0.tgz#49e91c5cbf36c9b94bcfcd71c23d5249ec74e390"
  integrity sha512-carPklcUh7ROWRK7Cv27RPtdhYhUsela/ue5/jKzjegVvXDqM2ILE9Q2BGn9JZJh1g87cp56su/FgQSzcWS8cQ==

ini@~1.3.0:
  version "1.3.8"
  resolved "https://registry.yarnpkg.com/ini/-/ini-1.3.8.tgz#a29da425b48806f34767a4efce397269af28432c"
  integrity sha512-JV/yugV2uzW5iMRSiZAyDtQd+nxtUnjeLt0acNdw98kKLrvuRVyB80tsREOE7yvGVgalhZ6RNXCmEHkUKBKxew==

ip-regex@^4.1.0:
  version "4.3.0"
  resolved "https://registry.yarnpkg.com/ip-regex/-/ip-regex-4.3.0.tgz#687275ab0f57fa76978ff8f4dddc8a23d5990db5"
  integrity sha512-B9ZWJxHHOHUhUjCPrMpLD4xEq35bUTClHM1S6CBU5ixQnkZmwipwgc96vAd7AAGM9TGHvJR+Uss+/Ak6UphK+Q==

is-scoped@^2.1.0:
  version "2.1.0"
  resolved "https://registry.yarnpkg.com/is-scoped/-/is-scoped-2.1.0.tgz#fef0713772658bdf5bee418608267ddae6d3566d"
  integrity sha512-Cv4OpPTHAK9kHYzkzCrof3VJh7H/PrG2MBUMvvJebaaUMbqhm0YAtXnvh0I3Hnj2tMZWwrRROWLSgfJrKqWmlQ==
  dependencies:
    scoped-regex "^2.0.0"

is-url-superb@^3.0.0:
  version "3.0.0"
  resolved "https://registry.yarnpkg.com/is-url-superb/-/is-url-superb-3.0.0.tgz#b9a1da878a1ac73659047d1e6f4ef22c209d3e25"
  integrity sha512-3faQP+wHCGDQT1qReM5zCPx2mxoal6DzbzquFlCYJLWyy4WPTved33ea2xFbX37z4NoriEwZGIYhFtx8RUB5wQ==
  dependencies:
    url-regex "^5.0.0"

json-buffer@3.0.0:
  version "3.0.0"
  resolved "https://registry.yarnpkg.com/json-buffer/-/json-buffer-3.0.0.tgz#5b1f397afc75d677bde8bcfc0e47e1f9a3d9a898"
  integrity sha512-CuUqjv0FUZIdXkHPI8MezCnFCdaTAacej1TZYulLoAg1h/PhwkdXFN4V/gzY4g+fMBCOV2xF+rp7t2XD2ns/NQ==

keyv@^3.0.0:
  version "3.1.0"
  resolved "https://registry.yarnpkg.com/keyv/-/keyv-3.1.0.tgz#ecc228486f69991e49e9476485a5be1e8fc5c4d9"
  integrity sha512-9ykJ/46SN/9KPM/sichzQ7OvXyGDYKGTaDlKMGCAlg2UK8KRy4jb0d8sFc+0Tt0YYnThq8X2RZgCg74RPxgcVA==
  dependencies:
    json-buffer "3.0.0"

lodash.zip@^4.2.0:
  version "4.2.0"
  resolved "https://registry.yarnpkg.com/lodash.zip/-/lodash.zip-4.2.0.tgz#ec6662e4896408ed4ab6c542a3990b72cc080020"
  integrity sha512-C7IOaBBK/0gMORRBd8OETNx3kmOkgIWIPvyDpZSCTwUrpYmgZwJkjZeOD8ww4xbOUOs4/attY+pciKvadNfFbg==

lowercase-keys@^1.0.0, lowercase-keys@^1.0.1:
  version "1.0.1"
  resolved "https://registry.yarnpkg.com/lowercase-keys/-/lowercase-keys-1.0.1.tgz#6f9e30b47084d971a7c820ff15a6c5167b74c26f"
  integrity sha512-G2Lj61tXDnVFFOi8VZds+SoQjtQC3dgokKdDG2mTm1tx4m50NUHBOZSBwQQHyy0V12A0JTG4icfZQH+xPyh8VA==

lowercase-keys@^2.0.0:
  version "2.0.0"
  resolved "https://registry.yarnpkg.com/lowercase-keys/-/lowercase-keys-2.0.0.tgz#2603e78b7b4b0006cbca2fbcc8a3202558ac9479"
  integrity sha512-tqNXrS78oMOE73NMxK4EMLQsQowWf8jKooH9g7xPavRT706R6bkQJ6DY2Te7QukaZsulxa30wQ7bk0pm4XiHmA==

make-error@^1.1.1:
  version "1.3.6"
  resolved "https://registry.yarnpkg.com/make-error/-/make-error-1.3.6.tgz#2eb2e37ea9b67c4891f684a1394799af484cf7a2"
  integrity sha512-s8UhlNe7vPKomQhC1qFelMokr/Sc3AgNbso3n74mVPA5LTZwkB9NlXf4XPamLxJE8h0gh73rM94xvwRT2CVInw==

mimic-response@^1.0.0, mimic-response@^1.0.1:
  version "1.0.1"
  resolved "https://registry.yarnpkg.com/mimic-response/-/mimic-response-1.0.1.tgz#4923538878eef42063cb8a3e3b0798781487ab1b"
  integrity sha512-j5EctnkH7amfV/q5Hgmoal1g2QHFJRraOtmx0JpIqkxhBhI/lJSl1nMpQ45hVarwNETOoWEimndZ4QK0RHxuxQ==

minimist@^1.2.0:
  version "1.2.7"
  resolved "https://registry.yarnpkg.com/minimist/-/minimist-1.2.7.tgz#daa1c4d91f507390437c6a8bc01078e7000c4d18"
  integrity sha512-bzfL1YUZsP41gmu/qjrEk0Q6i2ix/cVeAhbCbqH9u3zYutS1cLg00qhrD0M2MVdCcx4Sc0UpP2eBWo9rotpq6g==

normalize-url@^4.1.0:
  version "4.5.1"
  resolved "https://registry.yarnpkg.com/normalize-url/-/normalize-url-4.5.1.tgz#0dd90cf1288ee1d1313b87081c9a5932ee48518a"
  integrity sha512-9UZCFRHQdNrfTpGg8+1INIg93B6zE0aXMVFkw1WFwvO4SlZywU6aLg5Of0Ap/PgcbSw4LNxvMWXMeugwMCX0AA==

npm-name@^5.0.1:
  version "5.5.0"
  resolved "https://registry.yarnpkg.com/npm-name/-/npm-name-5.5.0.tgz#3a73adbcb0488a41a44ff820ed51dcc32c72bd09"
  integrity sha512-l7/uyVfEi2e3ho+ovaJZC0xlbwzXNUz3RxkxpfcnLuoGKAuYoo9YoJ/uy18PsTD8IziugGHks4t/mGmBJEZ4Qg==
  dependencies:
    got "^9.6.0"
    is-scoped "^2.1.0"
    is-url-superb "^3.0.0"
    lodash.zip "^4.2.0"
    registry-auth-token "^4.0.0"
    registry-url "^5.1.0"
    validate-npm-package-name "^3.0.0"

once@^1.3.1, once@^1.4.0:
  version "1.4.0"
  resolved "https://registry.yarnpkg.com/once/-/once-1.4.0.tgz#583b1aa775961d4b113ac17d9c50baef9dd76bd1"
  integrity sha512-lNaJgI+2Q5URQBkccEKHTQOPaXdUxnZZElQTZY0MFUAuaEqe1E+Nyvgdz/aIyNi6Z9MzO5dv1H8n58/GELp3+w==
  dependencies:
    wrappy "1"

p-cancelable@^1.0.0:
  version "1.1.0"
  resolved "https://registry.yarnpkg.com/p-cancelable/-/p-cancelable-1.1.0.tgz#d078d15a3af409220c886f1d9a0ca2e441ab26cc"
  integrity sha512-s73XxOZ4zpt1edZYZzvhqFa6uvQc1vwUa0K0BdtIZgQMAJj9IbebH+JkgKZc9h+B05PKHLOTl4ajG1BmNrVZlw==

prepend-http@^2.0.0:
  version "2.0.0"
  resolved "https://registry.yarnpkg.com/prepend-http/-/prepend-http-2.0.0.tgz#e92434bfa5ea8c19f41cdfd401d741a3c819d897"
  integrity sha512-ravE6m9Atw9Z/jjttRUZ+clIXogdghyZAuWJ3qEzjT+jI/dL1ifAqhZeC5VHzQp1MSt1+jxKkFNemj/iO7tVUA==

prettier@^2.7.1:
  version "2.7.1"
  resolved "https://registry.yarnpkg.com/prettier/-/prettier-2.7.1.tgz#e235806850d057f97bb08368a4f7d899f7760c64"
  integrity sha512-ujppO+MkdPqoVINuDFDRLClm7D78qbDt0/NR+wp5FqEZOoTNAjPHWj17QRhu7geIHJfcNhRk1XVQmF8Bp3ye+g==

pump@^3.0.0:
  version "3.0.0"
  resolved "https://registry.yarnpkg.com/pump/-/pump-3.0.0.tgz#b4a2116815bde2f4e1ea602354e8c75565107a64"
  integrity sha512-LwZy+p3SFs1Pytd/jYct4wpv49HiYCqd9Rlc5ZVdk0V+8Yzv6jR5Blk3TRmPL1ft69TxP0IMZGJ+WPFU2BFhww==
  dependencies:
    end-of-stream "^1.1.0"
    once "^1.3.1"

rc@1.2.8, rc@^1.2.8:
  version "1.2.8"
  resolved "https://registry.yarnpkg.com/rc/-/rc-1.2.8.tgz#cd924bf5200a075b83c188cd6b9e211b7fc0d3ed"
  integrity sha512-y3bGgqKj3QBdxLbLkomlohkvsA8gdAiUQlSBJnBhfn+BPxg4bc62d8TcBW15wavDfgexCgccckhcZvywyQYPOw==
  dependencies:
    deep-extend "^0.6.0"
    ini "~1.3.0"
    minimist "^1.2.0"
    strip-json-comments "~2.0.1"

registry-auth-token@^4.0.0:
  version "4.2.2"
  resolved "https://registry.yarnpkg.com/registry-auth-token/-/registry-auth-token-4.2.2.tgz#f02d49c3668884612ca031419491a13539e21fac"
  integrity sha512-PC5ZysNb42zpFME6D/XlIgtNGdTl8bBOCw90xQLVMpzuuubJKYDWFAEuUNc+Cn8Z8724tg2SDhDRrkVEsqfDMg==
  dependencies:
    rc "1.2.8"

registry-url@^5.1.0:
  version "5.1.0"
  resolved "https://registry.yarnpkg.com/registry-url/-/registry-url-5.1.0.tgz#e98334b50d5434b81136b44ec638d9c2009c5009"
  integrity sha512-8acYXXTI0AkQv6RAOjE3vOaIXZkT9wo4LOFbBKYQEEnnMNBpKqdUrI6S4NT0KPIo/WVvJ5tE/X5LF/TQUf0ekw==
  dependencies:
    rc "^1.2.8"

responselike@^1.0.2:
  version "1.0.2"
  resolved "https://registry.yarnpkg.com/responselike/-/responselike-1.0.2.tgz#918720ef3b631c5642be068f15ade5a46f4ba1e7"
  integrity sha512-/Fpe5guzJk1gPqdJLJR5u7eG/gNY4nImjbRDaVWVMRhne55TCmj2i9Q+54PBRfatRC8v/rIiv9BN0pMd9OV5EQ==
  dependencies:
    lowercase-keys "^1.0.0"

scoped-regex@^2.0.0:
  version "2.1.0"
  resolved "https://registry.yarnpkg.com/scoped-regex/-/scoped-regex-2.1.0.tgz#7b9be845d81fd9d21d1ec97c61a0b7cf86d2015f"
  integrity sha512-g3WxHrqSWCZHGHlSrF51VXFdjImhwvH8ZO/pryFH56Qi0cDsZfylQa/t0jCzVQFNbNvM00HfHjkDPEuarKDSWQ==

strip-json-comments@~2.0.1:
  version "2.0.1"
  resolved "https://registry.yarnpkg.com/strip-json-comments/-/strip-json-comments-2.0.1.tgz#3c531942e908c2697c0ec344858c286c7ca0a60a"
  integrity sha512-4gB8na07fecVVkOI6Rs4e7T6NOTki5EmL7TUduTs6bu3EdnSycntVJ4re8kgZA+wx9IueI2Y11bfbgwtzuE0KQ==

tlds@^1.203.0:
  version "1.233.0"
  resolved "https://registry.yarnpkg.com/tlds/-/tlds-1.233.0.tgz#decfed234c293a20548bdb5e468909766e5e1c15"
  integrity sha512-K05dY1r4lkXk+eE/j2UqHhGWp1bFn+17eYcJP7OepkmI3obLOgan3ZIpmml++wZ4LTIx4r9var373ztO2xb27A==

to-readable-stream@^1.0.0:
  version "1.0.0"
  resolved "https://registry.yarnpkg.com/to-readable-stream/-/to-readable-stream-1.0.0.tgz#ce0aa0c2f3df6adf852efb404a783e77c0475771"
  integrity sha512-Iq25XBt6zD5npPhlLVXGFN3/gyR2/qODcKNNyTMd4vbm39HUaOiAM4PMq0eMVC/Tkxz+Zjdsc55g9yyz+Yq00Q==

ts-node@^10.9.1:
  version "10.9.1"
  resolved "https://registry.yarnpkg.com/ts-node/-/ts-node-10.9.1.tgz#e73de9102958af9e1f0b168a6ff320e25adcff4b"
  integrity sha512-NtVysVPkxxrwFGUUxGYhfux8k78pQB3JqYBXlLRZgdGUqTO5wU/UyHop5p70iEbGhB7q5KmiZiU0Y3KlJrScEw==
  dependencies:
    "@cspotcode/source-map-support" "^0.8.0"
    "@tsconfig/node10" "^1.0.7"
    "@tsconfig/node12" "^1.0.7"
    "@tsconfig/node14" "^1.0.0"
    "@tsconfig/node16" "^1.0.2"
    acorn "^8.4.1"
    acorn-walk "^8.1.1"
    arg "^4.1.0"
    create-require "^1.1.0"
    diff "^4.0.1"
    make-error "^1.1.1"
    v8-compile-cache-lib "^3.0.1"
    yn "3.1.1"

typescript@^4.8.4:
  version "4.8.4"
  resolved "https://registry.yarnpkg.com/typescript/-/typescript-4.8.4.tgz#c464abca159669597be5f96b8943500b238e60e6"
  integrity sha512-QCh+85mCy+h0IGff8r5XWzOVSbBO+KfeYrMQh7NJ58QujwcE22u+NUSmUxqF+un70P9GXKxa2HCNiTTMJknyjQ==

url-parse-lax@^3.0.0:
  version "3.0.0"
  resolved "https://registry.yarnpkg.com/url-parse-lax/-/url-parse-lax-3.0.0.tgz#16b5cafc07dbe3676c1b1999177823d6503acb0c"
  integrity sha512-NjFKA0DidqPa5ciFcSrXnAltTtzz84ogy+NebPvfEgAck0+TNg4UJ4IN+fB7zRZfbgUf0syOo9MDxFkDSMuFaQ==
  dependencies:
    prepend-http "^2.0.0"

url-regex@^5.0.0:
  version "5.0.0"
  resolved "https://registry.yarnpkg.com/url-regex/-/url-regex-5.0.0.tgz#8f5456ab83d898d18b2f91753a702649b873273a"
  integrity sha512-O08GjTiAFNsSlrUWfqF1jH0H1W3m35ZyadHrGv5krdnmPPoxP27oDTqux/579PtaroiSGm5yma6KT1mHFH6Y/g==
  dependencies:
    ip-regex "^4.1.0"
    tlds "^1.203.0"

v8-compile-cache-lib@^3.0.1:
  version "3.0.1"
  resolved "https://registry.yarnpkg.com/v8-compile-cache-lib/-/v8-compile-cache-lib-3.0.1.tgz#6336e8d71965cb3d35a1bbb7868445a7c05264bf"
  integrity sha512-wa7YjyUGfNZngI/vtK0UHAN+lgDCxBPCylVXGp0zu59Fz5aiGtNXaq3DhIov063MorB+VfufLh3JlF2KdTK3xg==

validate-npm-package-name@^3.0.0:
  version "3.0.0"
  resolved "https://registry.yarnpkg.com/validate-npm-package-name/-/validate-npm-package-name-3.0.0.tgz#5fa912d81eb7d0c74afc140de7317f0ca7df437e"
  integrity sha512-M6w37eVCMMouJ9V/sdPGnC5H4uDr73/+xdq0FBLO3TFFX1+7wiUY6Es328NN+y43tmY+doUdN9g9J21vqB7iLw==
  dependencies:
    builtins "^1.0.3"

wrappy@1:
  version "1.0.2"
  resolved "https://registry.yarnpkg.com/wrappy/-/wrappy-1.0.2.tgz#b5243d8f3ec1aa35f1364605bc0d1036e30ab69f"
  integrity sha512-l4Sp/DRseor9wL6EvV2+TuQn63dMkPjZ/sp9XkghTEbV9KlPS1xUsZ3u7/IQO4wxtcFB4bgpQPRcR3QCvezPcQ==

yn@3.1.1:
  version "3.1.1"
  resolved "https://registry.yarnpkg.com/yn/-/yn-3.1.1.tgz#1e87401a09d767c1d5eab26a6e4c185182d2eb50"
  integrity sha512-Ux4ygGWsu2c7isFWe8Yu1YluJmqVhxqK2cLXNQA5AcC3QfbGNpM7fu0Y8b/z16pXLnFxZYvWhd3fhBY9DLmC6Q==
