# THIS IS AN AUTOGENERATED FILE. DO NOT EDIT THIS FILE DIRECTLY.
# yarn lockfile v1


"@cspotcode/source-map-support@^0.8.0":
  version "0.8.1"
  resolved "https://registry.yarnpkg.com/@cspotcode/source-map-support/-/source-map-support-0.8.1.tgz#00629c35a688e05a88b1cda684fb9d5e73f000a1"
  integrity sha512-IchNf6dN4tHoMFIn/7OE8LWZ19Y6q/67Bmf6vnGREv8RSbBVb9LPJxEcnwrcwX6ixSvaiGoomAUvu4YSxXrVgw==
  dependencies:
    "@jridgewell/trace-mapping" "0.3.9"

"@jridgewell/resolve-uri@^3.0.3":
  version "3.1.0"
  resolved "https://registry.yarnpkg.com/@jridgewell/resolve-uri/-/resolve-uri-3.1.0.tgz#2203b118c157721addfe69d47b70465463066d78"
  integrity sha512-F2msla3tad+Mfht5cJq7LSXcdudKTWCVYUgw6pLFOOHSTtZlj6SWNYAp+AhuqLmWdBO2X5hPrLcu8cVP8fy28w==

"@jridgewell/sourcemap-codec@^1.4.10":
  version "1.4.14"
  resolved "https://registry.yarnpkg.com/@jridgewell/sourcemap-codec/-/sourcemap-codec-1.4.14.tgz#add4c98d341472a289190b424efbdb096991bb24"
  integrity sha512-XPSJHWmi394fuUuzDnGz1wiKqWfo1yXecHQMRf2l6hztTO+nPru658AyDngaBe7isIxEkRsPR3FZh+s7iVa4Uw==

"@jridgewell/trace-mapping@0.3.9":
  version "0.3.9"
  resolved "https://registry.yarnpkg.com/@jridgewell/trace-mapping/-/trace-mapping-0.3.9.tgz#6534fd5933a53ba7cbf3a17615e273a0d1273ff9"
  integrity sha512-3Belt6tdc8bPgAtbcmdtNJlirVoTmEb5e2gC94PnkwEW9jI6CAHUeoG85tjWP5WquqfavoMtMwiG4P926ZKKuQ==
  dependencies:
    "@jridgewell/resolve-uri" "^3.0.3"
    "@jridgewell/sourcemap-codec" "^1.4.10"

"@swc/core-android-arm-eabi@1.3.9":
  version "1.3.9"
  resolved "https://registry.yarnpkg.com/@swc/core-android-arm-eabi/-/core-android-arm-eabi-1.3.9.tgz#6ab77525f2d22fcd321d0e29704d0820608b9e18"
  integrity sha512-+F+sU2l49Po4tJoNtIpFwt0k1sspymvPMM+DCpnkHF1idzRiOU5NGgVzmLDjoO9AnxHa7EBJ3itN+PP2Dd06+A==
  dependencies:
    "@swc/wasm" "1.2.122"

"@swc/core-android-arm64@1.3.9":
  version "1.3.9"
  resolved "https://registry.yarnpkg.com/@swc/core-android-arm64/-/core-android-arm64-1.3.9.tgz#d9467488dd9c00d50180f9ccded9eed6f54e4423"
  integrity sha512-HSWdex3yd4CRefkM2WVz0nTKjpirNZnwSlghqe4ct9QAYGMiiPesYgWPAnq/PpnYfmjQse4yvEclamGiek6zDA==
  dependencies:
    "@swc/wasm" "1.2.130"

"@swc/core-darwin-arm64@1.3.9":
  version "1.3.9"
  resolved "https://registry.yarnpkg.com/@swc/core-darwin-arm64/-/core-darwin-arm64-1.3.9.tgz#60ad2157bfa67038cf94fa0f9169f5d2609f6011"
  integrity sha512-E7WJY1LsMJtOtUYc/JXl8qlt6USnzodWmdO1eAAOSAODEdX9AjgG3fRT94o3UcmvMrto7sxBXVExj8wG7Cxeng==

"@swc/core-darwin-x64@1.3.9":
  version "1.3.9"
  resolved "https://registry.yarnpkg.com/@swc/core-darwin-x64/-/core-darwin-x64-1.3.9.tgz#947095894b526c90724f273b968e124019a3c267"
  integrity sha512-0+dFCAcLEBxwIO+0Nt+OT8mjPpvBMBWIuFWB1DNiUu2K73+OB0i+llzsCJFoasISHR+YJD0bGyv+8AtVuUdFAw==

"@swc/core-freebsd-x64@1.3.9":
  version "1.3.9"
  resolved "https://registry.yarnpkg.com/@swc/core-freebsd-x64/-/core-freebsd-x64-1.3.9.tgz#ebcb068df6528f824c803329d43d752889eef46f"
  integrity sha512-JbHIeklQPRBEZUfKAKt/IB/ayi7dJZ9tEGu/fDxNfk8Znu1Md+YOKRyN5FPMXfYrL5yFUXnlFOb2LX6wjNhhjQ==
  dependencies:
    "@swc/wasm" "1.2.130"

"@swc/core-linux-arm-gnueabihf@1.3.9":
  version "1.3.9"
  resolved "https://registry.yarnpkg.com/@swc/core-linux-arm-gnueabihf/-/core-linux-arm-gnueabihf-1.3.9.tgz#0882d86a301f5eece588ec41fe7f1d0c9629f2c7"
  integrity sha512-Yc1G8FGXmq6yGKtu5wYCcvVWBtqU0/3FUk6zJM+7pFiivKsVHJcgWrkgLO1u6h7bgEdQIYwfM3/BbRNE5CtdnA==
  dependencies:
    "@swc/wasm" "1.2.130"

"@swc/core-linux-arm64-gnu@1.3.9":
  version "1.3.9"
  resolved "https://registry.yarnpkg.com/@swc/core-linux-arm64-gnu/-/core-linux-arm64-gnu-1.3.9.tgz#6bcf96a3826b069cb053f4b9b9f9148388d0f067"
  integrity sha512-PrBjmPIMhoQLCpfaZl2b1cCXnaNPddQB/ssMVqQ6eXChBJfcv14M5BjxtI2ORi4HoEDlsbX+k50sL666M3lnBw==

"@swc/core-linux-arm64-musl@1.3.9":
  version "1.3.9"
  resolved "https://registry.yarnpkg.com/@swc/core-linux-arm64-musl/-/core-linux-arm64-musl-1.3.9.tgz#cac78de3fcdd22417532d95ddc7c229ccfef9920"
  integrity sha512-jJT56vt81o2N3O2nXp+MZGM6mbgkNx6lvvRT6yISW29fLM6NHBXmkGcjaWOD9VFJDRmu/MtFxbElPxr6ikrFYQ==

"@swc/core-linux-x64-gnu@1.3.9":
  version "1.3.9"
  resolved "https://registry.yarnpkg.com/@swc/core-linux-x64-gnu/-/core-linux-x64-gnu-1.3.9.tgz#e457e5f50ecc344278f69e90aafdcef4a152bae8"
  integrity sha512-60ZreTvrJk3N7xvPzQeQJDePsXUmSUZkKD6lc0xzug4bv53NyUIQ8gH8nzVsV++D9NZeVxXp6WqqFLcgt7yEDQ==

"@swc/core-linux-x64-musl@1.3.9":
  version "1.3.9"
  resolved "https://registry.yarnpkg.com/@swc/core-linux-x64-musl/-/core-linux-x64-musl-1.3.9.tgz#0009205aeb5a42009794d75949f79d622563dac3"
  integrity sha512-UBApPfUSP+w6ye6V1oT4EGh3LFCFrZaQsC1CkTuiYXXSmQMzkYE0Jzegn3R7MHWCJSneRwXRTKrkdhrNBUqWKA==

"@swc/core-win32-arm64-msvc@1.3.9":
  version "1.3.9"
  resolved "https://registry.yarnpkg.com/@swc/core-win32-arm64-msvc/-/core-win32-arm64-msvc-1.3.9.tgz#2f4522c3da4d37dd08c1249a837c4a6643571c0a"
  integrity sha512-4FQSalXbbnqTLVGRljRnw/bJ99Jwj1WnXz/aJM/SVL8S9Zbc82+3v+wXL/9NGwaAndu2QUkb2KPYNAHvB7PCdw==
  dependencies:
    "@swc/wasm" "1.2.130"

"@swc/core-win32-ia32-msvc@1.3.9":
  version "1.3.9"
  resolved "https://registry.yarnpkg.com/@swc/core-win32-ia32-msvc/-/core-win32-ia32-msvc-1.3.9.tgz#e5dd2830a103b8fcb89e843cc6cd0587dbd9140a"
  integrity sha512-ZkTw1Cm+b2QBf/NjkJJbocvgT0NWdfPQL0OyMkuTAinRzfrMmq/lmshjnqj3ysFVeI4uuJTNemiT6mivpLmuBw==
  dependencies:
    "@swc/wasm" "1.2.130"

"@swc/core-win32-x64-msvc@1.3.9":
  version "1.3.9"
  resolved "https://registry.yarnpkg.com/@swc/core-win32-x64-msvc/-/core-win32-x64-msvc-1.3.9.tgz#49462ebcaed4caa5a3f99dcd2a48035b870750ae"
  integrity sha512-moKi2prCKzYnXXlrLf5nwAN4uGSm4YpsW2xzYiZWJJDRqu74VoUWoDkG25jalHTfN/PSBQg4dkFWhhUe89JJVw==

"@swc/core@^1.3.9":
  version "1.3.9"
  resolved "https://registry.yarnpkg.com/@swc/core/-/core-1.3.9.tgz#9dcc342cbcbe72ba6613a23840a2092c13699881"
  integrity sha512-PCRCO9vIoEX3FyS3z/FkWVYJzuspUq0LLaWdK3L30+KQDtH29K+LQdRc2Dzin2MU5MpY4bSHydAwl9M6cmZ9OA==
  optionalDependencies:
    "@swc/core-android-arm-eabi" "1.3.9"
    "@swc/core-android-arm64" "1.3.9"
    "@swc/core-darwin-arm64" "1.3.9"
    "@swc/core-darwin-x64" "1.3.9"
    "@swc/core-freebsd-x64" "1.3.9"
    "@swc/core-linux-arm-gnueabihf" "1.3.9"
    "@swc/core-linux-arm64-gnu" "1.3.9"
    "@swc/core-linux-arm64-musl" "1.3.9"
    "@swc/core-linux-x64-gnu" "1.3.9"
    "@swc/core-linux-x64-musl" "1.3.9"
    "@swc/core-win32-arm64-msvc" "1.3.9"
    "@swc/core-win32-ia32-msvc" "1.3.9"
    "@swc/core-win32-x64-msvc" "1.3.9"

"@swc/wasm@1.2.122":
  version "1.2.122"
  resolved "https://registry.yarnpkg.com/@swc/wasm/-/wasm-1.2.122.tgz#87a5e654b26a71b2e84b801f41e45f823b856639"
  integrity sha512-sM1VCWQxmNhFtdxME+8UXNyPNhxNu7zdb6ikWpz0YKAQQFRGT5ThZgJrubEpah335SUToNg8pkdDF7ibVCjxbQ==

"@swc/wasm@1.2.130":
  version "1.2.130"
  resolved "https://registry.yarnpkg.com/@swc/wasm/-/wasm-1.2.130.tgz#88ac26433335d1f957162a9a92f1450b73c176a0"
  integrity sha512-rNcJsBxS70+pv8YUWwf5fRlWX6JoY/HJc25HD/F8m6Kv7XhJdqPPMhyX6TKkUBPAG7TWlZYoxa+rHAjPy4Cj3Q==

"@tsconfig/node10@^1.0.7":
  version "1.0.9"
  resolved "https://registry.yarnpkg.com/@tsconfig/node10/-/node10-1.0.9.tgz#df4907fc07a886922637b15e02d4cebc4c0021b2"
  integrity sha512-jNsYVVxU8v5g43Erja32laIDHXeoNvFEpX33OK4d6hljo3jDhCBDhx5dhCCTMWUojscpAagGiRkBKxpdl9fxqA==

"@tsconfig/node12@^1.0.7":
  version "1.0.11"
  resolved "https://registry.yarnpkg.com/@tsconfig/node12/-/node12-1.0.11.tgz#ee3def1f27d9ed66dac6e46a295cffb0152e058d"
  integrity sha512-cqefuRsh12pWyGsIoBKJA9luFu3mRxCA+ORZvA4ktLSzIuCUtWVxGIuXigEwO5/ywWFMZ2QEGKWvkZG1zDMTag==

"@tsconfig/node14@^1.0.0":
  version "1.0.3"
  resolved "https://registry.yarnpkg.com/@tsconfig/node14/-/node14-1.0.3.tgz#e4386316284f00b98435bf40f72f75a09dabf6c1"
  integrity sha512-ysT8mhdixWK6Hw3i1V2AeRqZ5WfXg1G43mqoYlM2nc6388Fq5jcXyr5mRsqViLx/GJYdoL0bfXD8nmF+Zn/Iow==

"@tsconfig/node16@^1.0.2":
  version "1.0.3"
  resolved "https://registry.yarnpkg.com/@tsconfig/node16/-/node16-1.0.3.tgz#472eaab5f15c1ffdd7f8628bd4c4f753995ec79e"
  integrity sha512-yOlFc+7UtL/89t2ZhjPvvB/DeAr3r+Dq58IgzsFkOAvVC6NMJXmCGjbptdXdR9qsX7pKcTL+s87FtYREi2dEEQ==

"@types/node@^18.11.0":
  version "18.11.0"
  resolved "https://registry.yarnpkg.com/@types/node/-/node-18.11.0.tgz#f38c7139247a1d619f6cc6f27b072606af7c289d"
  integrity sha512-IOXCvVRToe7e0ny7HpT/X9Rb2RYtElG1a+VshjwT00HxrM2dWBApHQoqsI6WiY7Q03vdf2bCrIGzVrkF/5t10w==

acorn-walk@^8.1.1:
  version "8.2.0"
  resolved "https://registry.yarnpkg.com/acorn-walk/-/acorn-walk-8.2.0.tgz#741210f2e2426454508853a2f44d0ab83b7f69c1"
  integrity sha512-k+iyHEuPgSw6SbuDpGQM+06HQUa04DZ3o+F6CSzXMvvI5KMvnaEqXe+YVe555R9nn6GPt404fos4wcgpw12SDA==

acorn@^8.4.1:
  version "8.8.0"
  resolved "https://registry.yarnpkg.com/acorn/-/acorn-8.8.0.tgz#88c0187620435c7f6015803f5539dae05a9dbea8"
  integrity sha512-QOxyigPVrpZ2GXT+PFyZTl6TtOFc5egxHIP9IlQ+RbupQuX4RkT/Bee4/kQuC02Xkzg84JcT7oLYtDIQxp+v7w==

arg@^4.1.0:
  version "4.1.3"
  resolved "https://registry.yarnpkg.com/arg/-/arg-4.1.3.tgz#269fc7ad5b8e42cb63c896d5666017261c144089"
  integrity sha512-58S9QDqG0Xx27YwPSt9fJxivjYl432YCwfDMfZ+71RAqUrZef7LrKQZ3LHLOwCS4FLNBplP533Zx895SeOCHvA==

create-require@^1.1.0:
  version "1.1.1"
  resolved "https://registry.yarnpkg.com/create-require/-/create-require-1.1.1.tgz#c1d7e8f1e5f6cfc9ff65f9cd352d37348756c333"
  integrity sha512-dcKFX3jn0MpIaXjisoRvexIJVEKzaq7z2rZKxf+MSr9TkdmHmsU4m2lcLojrj/FHl8mk5VxMmYA+ftRkP/3oKQ==

diff@^4.0.1:
  version "4.0.2"
  resolved "https://registry.yarnpkg.com/diff/-/diff-4.0.2.tgz#60f3aecb89d5fae520c11aa19efc2bb982aade7d"
  integrity sha512-58lmxKSA4BNyLz+HHMUzlOEpg09FV+ev6ZMe3vJihgdxzgcwZ8VoEEPmALCZG9LmqfVoNMMKpttIYTVG6uDY7A==

make-error@^1.1.1:
  version "1.3.6"
  resolved "https://registry.yarnpkg.com/make-error/-/make-error-1.3.6.tgz#2eb2e37ea9b67c4891f684a1394799af484cf7a2"
  integrity sha512-s8UhlNe7vPKomQhC1qFelMokr/Sc3AgNbso3n74mVPA5LTZwkB9NlXf4XPamLxJE8h0gh73rM94xvwRT2CVInw==

prettier@^2.7.1:
  version "2.7.1"
  resolved "https://registry.yarnpkg.com/prettier/-/prettier-2.7.1.tgz#e235806850d057f97bb08368a4f7d899f7760c64"
  integrity sha512-ujppO+MkdPqoVINuDFDRLClm7D78qbDt0/NR+wp5FqEZOoTNAjPHWj17QRhu7geIHJfcNhRk1XVQmF8Bp3ye+g==

ts-node@^10.9.1:
  version "10.9.1"
  resolved "https://registry.yarnpkg.com/ts-node/-/ts-node-10.9.1.tgz#e73de9102958af9e1f0b168a6ff320e25adcff4b"
  integrity sha512-NtVysVPkxxrwFGUUxGYhfux8k78pQB3JqYBXlLRZgdGUqTO5wU/UyHop5p70iEbGhB7q5KmiZiU0Y3KlJrScEw==
  dependencies:
    "@cspotcode/source-map-support" "^0.8.0"
    "@tsconfig/node10" "^1.0.7"
    "@tsconfig/node12" "^1.0.7"
    "@tsconfig/node14" "^1.0.0"
    "@tsconfig/node16" "^1.0.2"
    acorn "^8.4.1"
    acorn-walk "^8.1.1"
    arg "^4.1.0"
    create-require "^1.1.0"
    diff "^4.0.1"
    make-error "^1.1.1"
    v8-compile-cache-lib "^3.0.1"
    yn "3.1.1"

typescript@^4.8.4:
  version "4.8.4"
  resolved "https://registry.yarnpkg.com/typescript/-/typescript-4.8.4.tgz#c464abca159669597be5f96b8943500b238e60e6"
  integrity sha512-QCh+85mCy+h0IGff8r5XWzOVSbBO+KfeYrMQh7NJ58QujwcE22u+NUSmUxqF+un70P9GXKxa2HCNiTTMJknyjQ==

v8-compile-cache-lib@^3.0.1:
  version "3.0.1"
  resolved "https://registry.yarnpkg.com/v8-compile-cache-lib/-/v8-compile-cache-lib-3.0.1.tgz#6336e8d71965cb3d35a1bbb7868445a7c05264bf"
  integrity sha512-wa7YjyUGfNZngI/vtK0UHAN+lgDCxBPCylVXGp0zu59Fz5aiGtNXaq3DhIov063MorB+VfufLh3JlF2KdTK3xg==

yn@3.1.1:
  version "3.1.1"
  resolved "https://registry.yarnpkg.com/yn/-/yn-3.1.1.tgz#1e87401a09d767c1d5eab26a6e4c185182d2eb50"
  integrity sha512-Ux4ygGWsu2c7isFWe8Yu1YluJmqVhxqK2cLXNQA5AcC3QfbGNpM7fu0Y8b/z16pXLnFxZYvWhd3fhBY9DLmC6Q==
